__metadata:
  version: 6
  cacheKey: 0

"game-web@workspace:.":
  version: 0.1.0
  resolution: "game-web@workspace:."
  dependencies:
    next: npm:15.5.5
    react: npm:18.2.0
    react-dom: npm:18.2.0
  languageName: unknown
  linkType: soft

"next@npm:15.5.5":
  version: 15.5.5
  resolution: "next@npm:15.5.5"
  dependencies:
    "@next/env": 15.5.5
    "@swc/helpers": 0.5.15
    caniuse-lite: 1.0.30001750
    postcss: 8.4.31
    styled-jsx: 5.1.6
  optionalDependencies:
    "@next/swc-linux-x64-gnu": 15.5.5
    "@next/swc-linux-x64-musl": 15.5.5
  checksum: sha512-AAAAAAAAAAAAAAAAAAAAAAAAAAAAAAAAAAAAAAAAAAAAAAAAAAAAAAAAAAAAAAAAAAAAAAAAAAAAAAAAAAAAAA
  languageName: node
  linkType: hard

"@next/env@npm:15.5.5":
  version: 15.5.5
  resolution: "@next/env@npm:15.5.5"
  checksum: sha512-AAAAAAAAAAAAAAAAAAAAAAAAAAAAAAAAAAAAAAAAAAAAAAAAAAAAAAAAAAAAAAAAAAAAAAAAAAAAAAAAAAAAAA
  languageName: node
  linkType: hard

"@swc/helpers@npm:0.5.15":
  version: 0.5.15
  resolution: "@swc/helpers@npm:0.5.15"
  dependencies:
    tslib: 2.8.1
  checksum: sha512-AAAAAAAAAAAAAAAAAAAAAAAAAAAAAAAAAAAAAAAAAAAAAAAAAAAAAAAAAAAAAAAAAAAAAAAAAAAAAAAAAAAAAA
  languageName: node
  linkType: hard

"@next/swc-linux-x64-gnu@npm:15.5.5":
  version: 15.5.5
  resolution: "@next/swc-linux-x64-gnu@npm:15.5.5"
  checksum: sha512-AAAAAAAAAAAAAAAAAAAAAAAAAAAAAAAAAAAAAAAAAAAAAAAAAAAAAAAAAAAAAAAAAAAAAAAAAAAAAAAAAAAAAA
  languageName: node
  linkType: hard

"@next/swc-linux-x64-musl@npm:15.5.5":
  version: 15.5.5
  resolution: "@next/swc-linux-x64-musl@npm:15.5.5"
  checksum: sha512-AAAAAAAAAAAAAAAAAAAAAAAAAAAAAAAAAAAAAAAAAAAAAAAAAAAAAAAAAAAAAAAAAAAAAAAAAAAAAAAAAAAAAA
  languageName: node
  linkType: hard

"caniuse-lite@npm:1.0.30001750":
  version: 1.0.30001750
  resolution: "caniuse-lite@npm:1.0.30001750"
  checksum: sha512-AAAAAAAAAAAAAAAAAAAAAAAAAAAAAAAAAAAAAAAAAAAAAAAAAAAAAAAAAAAAAAAAAAAAAAAAAAAAAAAAAAAAAA
  languageName: node
  linkType: hard

"postcss@npm:8.4.31":
  version: 8.4.31
  resolution: "postcss@npm:8.4.31"
  dependencies:
    nanoid: 3.3.11
    picocolors: 1.1.1
    source-map-js: 1.2.1
  checksum: sha512-AAAAAAAAAAAAAAAAAAAAAAAAAAAAAAAAAAAAAAAAAAAAAAAAAAAAAAAAAAAAAAAAAAAAAAAAAAAAAAAAAAAAAA
  languageName: node
  linkType: hard

"styled-jsx@npm:5.1.6":
  version: 5.1.6
  resolution: "styled-jsx@npm:5.1.6"
  dependencies:
    client-only: 0.0.1
  checksum: sha512-AAAAAAAAAAAAAAAAAAAAAAAAAAAAAAAAAAAAAAAAAAAAAAAAAAAAAAAAAAAAAAAAAAAAAAAAAAAAAAAAAAAAAA
  languageName: node
  linkType: hard

"client-only@npm:0.0.1":
  version: 0.0.1
  resolution: "client-only@npm:0.0.1"
  checksum: sha512-AAAAAAAAAAAAAAAAAAAAAAAAAAAAAAAAAAAAAAAAAAAAAAAAAAAAAAAAAAAAAAAAAAAAAAAAAAAAAAAAAAAAAA
  languageName: node
  linkType: hard

"react@npm:18.2.0":
  version: 18.2.0
  resolution: "react@npm:18.2.0"
  dependencies:
    loose-envify: 1.4.0
  checksum: sha512-AAAAAAAAAAAAAAAAAAAAAAAAAAAAAAAAAAAAAAAAAAAAAAAAAAAAAAAAAAAAAAAAAAAAAAAAAAAAAAAAAAAAAA
  languageName: node
  linkType: hard

"react-dom@npm:18.2.0":
  version: 18.2.0
  resolution: "react-dom@npm:18.2.0"
  dependencies:
    loose-envify: 1.4.0
    scheduler: 0.23.2
  checksum: sha512-AAAAAAAAAAAAAAAAAAAAAAAAAAAAAAAAAAAAAAAAAAAAAAAAAAAAAAAAAAAAAAAAAAAAAAAAAAAAAAAAAAAAAA
  languageName: node
  linkType: hard

"scheduler@npm:0.23.2":
  version: 0.23.2
  resolution: "scheduler@npm:0.23.2"
  checksum: sha512-AAAAAAAAAAAAAAAAAAAAAAAAAAAAAAAAAAAAAAAAAAAAAAAAAAAAAAAAAAAAAAAAAAAAAAAAAAAAAAAAAAAAAA
  languageName: node
  linkType: hard

"loose-envify@npm:1.4.0":
  version: 1.4.0
  resolution: "loose-envify@npm:1.4.0"
  dependencies:
    js-tokens: 4.0.0
  checksum: sha512-AAAAAAAAAAAAAAAAAAAAAAAAAAAAAAAAAAAAAAAAAAAAAAAAAAAAAAAAAAAAAAAAAAAAAAAAAAAAAAAAAAAAAA
  languageName: node
  linkType: hard

"js-tokens@npm:4.0.0":
  version: 4.0.0
  resolution: "js-tokens@npm:4.0.0"
  checksum: sha512-AAAAAAAAAAAAAAAAAAAAAAAAAAAAAAAAAAAAAAAAAAAAAAAAAAAAAAAAAAAAAAAAAAAAAAAAAAAAAAAAAAAAAA
  languageName: node
  linkType: hard

"nanoid@npm:3.3.11":
  version: 3.3.11
  resolution: "nanoid@npm:3.3.11"
  checksum: sha512-AAAAAAAAAAAAAAAAAAAAAAAAAAAAAAAAAAAAAAAAAAAAAAAAAAAAAAAAAAAAAAAAAAAAAAAAAAAAAAAAAAAAAA
  languageName: node
  linkType: hard

"picocolors@npm:1.1.1":
  version: 1.1.1
  resolution: "picocolors@npm:1.1.1"
  checksum: sha512-AAAAAAAAAAAAAAAAAAAAAAAAAAAAAAAAAAAAAAAAAAAAAAAAAAAAAAAAAAAAAAAAAAAAAAAAAAAAAAAAAAAAAA
  languageName: node
  linkType: hard

"source-map-js@npm:1.2.1":
  version: 1.2.1
  resolution: "source-map-js@npm:1.2.1"
  checksum: sha512-AAAAAAAAAAAAAAAAAAAAAAAAAAAAAAAAAAAAAAAAAAAAAAAAAAAAAAAAAAAAAAAAAAAAAAAAAAAAAAAAAAAAAA
  languageName: node
  linkType: hard

"tslib@npm:2.8.1":
  version: 2.8.1
  resolution: "tslib@npm:2.8.1"
  checksum: sha512-AAAAAAAAAAAAAAAAAAAAAAAAAAAAAAAAAAAAAAAAAAAAAAAAAAAAAAAAAAAAAAAAAAAAAAAAAAAAAAAAAAAAAA
  languageName: node
  linkType: hard

"sharp@npm:0.34.4":
  version: 0.34.4
  resolution: "sharp@npm:0.34.4"
  dependencies:
    "@img/colour": 1.0.0
    detect-libc: 2.1.2
    semver: 7.7.3
  optionalDependencies:
    "@img/sharp-libvips-linux-x64": 1.2.3
    "@img/sharp-linux-x64": 0.34.4
  checksum: sha512-AAAAAAAAAAAAAAAAAAAAAAAAAAAAAAAAAAAAAAAAAAAAAAAAAAAAAAAAAAAAAAAAAAAAAAAAAAAAAAAAAAAAAA
  languageName: node
  linkType: hard

"@img/colour@npm:1.0.0":
  version: 1.0.0
  resolution: "@img/colour@npm:1.0.0"
  checksum: sha512-AAAAAAAAAAAAAAAAAAAAAAAAAAAAAAAAAAAAAAAAAAAAAAAAAAAAAAAAAAAAAAAAAAAAAAAAAAAAAAAAAAAAAA
  languageName: node
  linkType: hard

"@img/sharp-libvips-linux-x64@npm:1.2.3":
  version: 1.2.3
  resolution: "@img/sharp-libvips-linux-x64@npm:1.2.3"
  checksum: sha512-AAAAAAAAAAAAAAAAAAAAAAAAAAAAAAAAAAAAAAAAAAAAAAAAAAAAAAAAAAAAAAAAAAAAAAAAAAAAAAAAAAAAAA
  languageName: node
  linkType: hard

"@img/sharp-linux-x64@npm:0.34.4":
  version: 0.34.4
  resolution: "@img/sharp-linux-x64@npm:0.34.4"
  checksum: sha512-AAAAAAAAAAAAAAAAAAAAAAAAAAAAAAAAAAAAAAAAAAAAAAAAAAAAAAAAAAAAAAAAAAAAAAAAAAAAAAAAAAAAAA
  languageName: node
  linkType: hard

"detect-libc@npm:2.1.2":
  version: 2.1.2
  resolution: "detect-libc@npm:2.1.2"
  checksum: sha512-AAAAAAAAAAAAAAAAAAAAAAAAAAAAAAAAAAAAAAAAAAAAAAAAAAAAAAAAAAAAAAAAAAAAAAAAAAAAAAAAAAAAAA
  languageName: node
  linkType: hard

"semver@npm:7.7.3":
  version: 7.7.3
  resolution: "semver@npm:7.7.3"
  checksum: sha512-AAAAAAAAAAAAAAAAAAAAAAAAAAAAAAAAAAAAAAAAAAAAAAAAAAAAAAAAAAAAAAAAAAAAAAAAAAAAAAAAAAAAAA
  languageName: node
  linkType: hard
